// !$*UTF8*$!
{
	archiveVersion = 1;
	classes = {
	};
	objectVersion = 51;
	objects = {

/* Begin PBXBuildFile section */
		262C7C6D8AE801CCCCC71A6E /* Pods_CustomTools_CustomToolsUITests.framework in Frameworks */ = {isa = PBXBuildFile; fileRef = 62820202959C6BBD114CDF19 /* Pods_CustomTools_CustomToolsUITests.framework */; };
		455F220051EDF0F086E9707C /* Pods_CustomTools.framework in Frameworks */ = {isa = PBXBuildFile; fileRef = 4799D02321AA186064866D87 /* Pods_CustomTools.framework */; };
		4FE930DF276AA434A6F8F5D9 /* Pods_CustomToolsTests.framework in Frameworks */ = {isa = PBXBuildFile; fileRef = E737D10EAB9E400660C6E1C1 /* Pods_CustomToolsTests.framework */; };
		7E0F827C25D11FE70002F83E /* CustomCameraViewController.m in Sources */ = {isa = PBXBuildFile; fileRef = 7E0F823D25D11FE70002F83E /* CustomCameraViewController.m */; };
		7E0F827D25D11FE70002F83E /* BaseViewController.m in Sources */ = {isa = PBXBuildFile; fileRef = 7E0F823E25D11FE70002F83E /* BaseViewController.m */; };
		7E0F827E25D11FE70002F83E /* CustomVideoPlayerViewController.m in Sources */ = {isa = PBXBuildFile; fileRef = 7E0F823F25D11FE70002F83E /* CustomVideoPlayerViewController.m */; };
		7E0F827F25D11FE70002F83E /* CustomImagePreviewViewController.m in Sources */ = {isa = PBXBuildFile; fileRef = 7E0F824125D11FE70002F83E /* CustomImagePreviewViewController.m */; };
		7E0F828025D11FE70002F83E /* CustomNavigationViewController.m in Sources */ = {isa = PBXBuildFile; fileRef = 7E0F824525D11FE70002F83E /* CustomNavigationViewController.m */; };
		7E0F828125D11FE70002F83E /* CustomGuideView.m in Sources */ = {isa = PBXBuildFile; fileRef = 7E0F824825D11FE70002F83E /* CustomGuideView.m */; };
		7E0F828225D11FE70002F83E /* CustomResultContentView.m in Sources */ = {isa = PBXBuildFile; fileRef = 7E0F824A25D11FE70002F83E /* CustomResultContentView.m */; };
		7E0F828325D11FE70002F83E /* CustomSheetContentView.m in Sources */ = {isa = PBXBuildFile; fileRef = 7E0F824B25D11FE70002F83E /* CustomSheetContentView.m */; };
		7E0F828425D11FE70002F83E /* CustomTextView.m in Sources */ = {isa = PBXBuildFile; fileRef = 7E0F824C25D11FE70002F83E /* CustomTextView.m */; };
		7E0F828525D11FE70002F83E /* CustomAlertView.m in Sources */ = {isa = PBXBuildFile; fileRef = 7E0F824D25D11FE70002F83E /* CustomAlertView.m */; };
		7E0F828625D11FE70002F83E /* CustomActionSheet.m in Sources */ = {isa = PBXBuildFile; fileRef = 7E0F824F25D11FE70002F83E /* CustomActionSheet.m */; };
		7E0F828725D11FE70002F83E /* CustomProgressHUD.m in Sources */ = {isa = PBXBuildFile; fileRef = 7E0F825125D11FE70002F83E /* CustomProgressHUD.m */; };
		7E0F828825D11FE70002F83E /* CustomSTOMPClient.m in Sources */ = {isa = PBXBuildFile; fileRef = 7E0F825625D11FE70002F83E /* CustomSTOMPClient.m */; };
		7E0F828925D11FE70002F83E /* CustomImagePickerController.m in Sources */ = {isa = PBXBuildFile; fileRef = 7E0F825825D11FE70002F83E /* CustomImagePickerController.m */; };
		7E0F828A25D11FE70002F83E /* WebSocketManager.m in Sources */ = {isa = PBXBuildFile; fileRef = 7E0F825C25D11FE70002F83E /* WebSocketManager.m */; };
		7E0F828B25D11FE70002F83E /* NetWorkTool.m in Sources */ = {isa = PBXBuildFile; fileRef = 7E0F825D25D11FE70002F83E /* NetWorkTool.m */; };
		7E0F828C25D11FE70002F83E /* OpenInstallManager.m in Sources */ = {isa = PBXBuildFile; fileRef = 7E0F825E25D11FE70002F83E /* OpenInstallManager.m */; };
		7E0F828D25D11FE70002F83E /* StorageTool.m in Sources */ = {isa = PBXBuildFile; fileRef = 7E0F825F25D11FE70002F83E /* StorageTool.m */; };
		7E0F828E25D11FE70002F83E /* LiveManager.m in Sources */ = {isa = PBXBuildFile; fileRef = 7E0F826025D11FE70002F83E /* LiveManager.m */; };
		7E0F828F25D11FE70002F83E /* WeChatManager.m in Sources */ = {isa = PBXBuildFile; fileRef = 7E0F826225D11FE70002F83E /* WeChatManager.m */; };
		7E0F829025D11FE70002F83E /* UploadManager.m in Sources */ = {isa = PBXBuildFile; fileRef = 7E0F826725D11FE70002F83E /* UploadManager.m */; };
		7E0F829125D11FE70002F83E /* NSString+Custom.m in Sources */ = {isa = PBXBuildFile; fileRef = 7E0F826A25D11FE70002F83E /* NSString+Custom.m */; };
		7E0F829225D11FE70002F83E /* UITextField+Custom.m in Sources */ = {isa = PBXBuildFile; fileRef = 7E0F826B25D11FE70002F83E /* UITextField+Custom.m */; };
		7E0F829325D11FE70002F83E /* UISearchBar+Custom.m in Sources */ = {isa = PBXBuildFile; fileRef = 7E0F826C25D11FE70002F83E /* UISearchBar+Custom.m */; };
		7E0F829425D11FE70002F83E /* UIImage+Custom.m in Sources */ = {isa = PBXBuildFile; fileRef = 7E0F827025D11FE70002F83E /* UIImage+Custom.m */; };
		7E0F829525D11FE70002F83E /* UILabel+Custom.m in Sources */ = {isa = PBXBuildFile; fileRef = 7E0F827125D11FE70002F83E /* UILabel+Custom.m */; };
		7E0F829625D11FE70002F83E /* UIView+Custom.m in Sources */ = {isa = PBXBuildFile; fileRef = 7E0F827625D11FE70002F83E /* UIView+Custom.m */; };
		7E0F829725D11FE70002F83E /* UIFont+Custom.m in Sources */ = {isa = PBXBuildFile; fileRef = 7E0F827725D11FE70002F83E /* UIFont+Custom.m */; };
		7E0F829825D11FE70002F83E /* UIButton+Custom.m in Sources */ = {isa = PBXBuildFile; fileRef = 7E0F827825D11FE70002F83E /* UIButton+Custom.m */; };
		7E0F829925D11FE70002F83E /* NSObject+Custom.m in Sources */ = {isa = PBXBuildFile; fileRef = 7E0F827925D11FE70002F83E /* NSObject+Custom.m */; };
		7E0F82CF25D1297A0002F83E /* VideoInfo.m in Sources */ = {isa = PBXBuildFile; fileRef = 7E0F82CC25D129790002F83E /* VideoInfo.m */; };
		7E0F82D025D1297A0002F83E /* ChannelInfo.m in Sources */ = {isa = PBXBuildFile; fileRef = 7E0F82CD25D1297A0002F83E /* ChannelInfo.m */; };
		7E0F82D825D1299C0002F83E /* LiveModel.m in Sources */ = {isa = PBXBuildFile; fileRef = 7E0F82D525D1299C0002F83E /* LiveModel.m */; };
		7E0F82D925D1299C0002F83E /* LiveInfo.m in Sources */ = {isa = PBXBuildFile; fileRef = 7E0F82D625D1299C0002F83E /* LiveInfo.m */; };
		7E92057825B9807F0074A056 /* AppDelegate.m in Sources */ = {isa = PBXBuildFile; fileRef = 7E92057725B9807F0074A056 /* AppDelegate.m */; };
		7E92057B25B9807F0074A056 /* SceneDelegate.m in Sources */ = {isa = PBXBuildFile; fileRef = 7E92057A25B9807F0074A056 /* SceneDelegate.m */; };
		7E92058125B9807F0074A056 /* Main.storyboard in Resources */ = {isa = PBXBuildFile; fileRef = 7E92057F25B9807F0074A056 /* Main.storyboard */; };
		7E92058325B980830074A056 /* Assets.xcassets in Resources */ = {isa = PBXBuildFile; fileRef = 7E92058225B980830074A056 /* Assets.xcassets */; };
		7E92058625B980830074A056 /* LaunchScreen.storyboard in Resources */ = {isa = PBXBuildFile; fileRef = 7E92058425B980830074A056 /* LaunchScreen.storyboard */; };
		7E92058925B980830074A056 /* main.m in Sources */ = {isa = PBXBuildFile; fileRef = 7E92058825B980830074A056 /* main.m */; };
		7E92059325B980830074A056 /* CustomToolsTests.m in Sources */ = {isa = PBXBuildFile; fileRef = 7E92059225B980830074A056 /* CustomToolsTests.m */; };
		7E92059E25B980840074A056 /* CustomToolsUITests.m in Sources */ = {isa = PBXBuildFile; fileRef = 7E92059D25B980840074A056 /* CustomToolsUITests.m */; };
		7E9EAA9025D269E0008308FF /* Images.xcassets in Resources */ = {isa = PBXBuildFile; fileRef = 7E9EAA8F25D269E0008308FF /* Images.xcassets */; };
		7E9EAA9525D26A46008308FF /* iconfont.ttf in Resources */ = {isa = PBXBuildFile; fileRef = 7E9EAA9425D26A46008308FF /* iconfont.ttf */; };
		7E9EAAA125D272D2008308FF /* ViewController.m in Sources */ = {isa = PBXBuildFile; fileRef = 7E9EAA9F25D272D2008308FF /* ViewController.m */; };
		7E9EAAA725D27C51008308FF /* CustomCollectionViewCell.m in Sources */ = {isa = PBXBuildFile; fileRef = 7E9EAAA625D27C51008308FF /* CustomCollectionViewCell.m */; };
		7E9EAAAD25D285E5008308FF /* CustomCollectionReusableView.m in Sources */ = {isa = PBXBuildFile; fileRef = 7E9EAAAC25D285E5008308FF /* CustomCollectionReusableView.m */; };
		7EDC0C2E25DDFC8500691BED /* LiveStreamViewController.m in Sources */ = {isa = PBXBuildFile; fileRef = 7EDC0C2D25DDFC8400691BED /* LiveStreamViewController.m */; };
		7EDC0C3725DDFDB600691BED /* KeyboardAboveView.m in Sources */ = {isa = PBXBuildFile; fileRef = 7EDC0C3525DDFDB600691BED /* KeyboardAboveView.m */; };
		7EDC0C7925DF5D9800691BED /* LivePlayerViewController.m in Sources */ = {isa = PBXBuildFile; fileRef = 7EDC0C7825DF5D9800691BED /* LivePlayerViewController.m */; };
		7EDC0C8925E394B000691BED /* AudioRecordManager.m in Sources */ = {isa = PBXBuildFile; fileRef = 7EDC0C8825E394AF00691BED /* AudioRecordManager.m */; };
		7EDC0C8F25E3955B00691BED /* libmp3lame.a in Frameworks */ = {isa = PBXBuildFile; fileRef = 7EDC0C8E25E3955B00691BED /* libmp3lame.a */; };
		7EDC0C9B25E39C0900691BED /* AudioViewController.m in Sources */ = {isa = PBXBuildFile; fileRef = 7EDC0C9A25E39C0900691BED /* AudioViewController.m */; };
		7EDC0CA125E4900F00691BED /* WebViewController.m in Sources */ = {isa = PBXBuildFile; fileRef = 7EDC0CA025E4900E00691BED /* WebViewController.m */; };
		7EDC0CB425E49E2B00691BED /* test.html in Resources */ = {isa = PBXBuildFile; fileRef = 7EDC0CB325E49E2B00691BED /* test.html */; };
		7EDC0CBF25E4A8FA00691BED /* guide_04.jpg in Resources */ = {isa = PBXBuildFile; fileRef = 7EDC0CBB25E4A8F900691BED /* guide_04.jpg */; };
		7EDC0CC025E4A8FA00691BED /* guide_01.jpg in Resources */ = {isa = PBXBuildFile; fileRef = 7EDC0CBC25E4A8F900691BED /* guide_01.jpg */; };
		7EDC0CC125E4A8FA00691BED /* guide_03.jpg in Resources */ = {isa = PBXBuildFile; fileRef = 7EDC0CBD25E4A8FA00691BED /* guide_03.jpg */; };
		7EDC0CC225E4A8FA00691BED /* guide_02.jpg in Resources */ = {isa = PBXBuildFile; fileRef = 7EDC0CBE25E4A8FA00691BED /* guide_02.jpg */; };
		D861117F27F72B4400CA19F4 /* SecureTextField.m in Sources */ = {isa = PBXBuildFile; fileRef = D861117E27F72B4400CA19F4 /* SecureTextField.m */; };
		D891C2E22691D81B0081602D /* CustomScanViewController.m in Sources */ = {isa = PBXBuildFile; fileRef = D891C2E12691D81B0081602D /* CustomScanViewController.m */; };
		D8E8275D27FC0CEB00851613 /* TextFieldViewController.m in Sources */ = {isa = PBXBuildFile; fileRef = D8E8275C27FC0CEB00851613 /* TextFieldViewController.m */; };
/* End PBXBuildFile section */

/* Begin PBXContainerItemProxy section */
		7E92058F25B980830074A056 /* PBXContainerItemProxy */ = {
			isa = PBXContainerItemProxy;
			containerPortal = 7E92056B25B9807E0074A056 /* Project object */;
			proxyType = 1;
			remoteGlobalIDString = 7E92057225B9807F0074A056;
			remoteInfo = CustomTools;
		};
		7E92059A25B980840074A056 /* PBXContainerItemProxy */ = {
			isa = PBXContainerItemProxy;
			containerPortal = 7E92056B25B9807E0074A056 /* Project object */;
			proxyType = 1;
			remoteGlobalIDString = 7E92057225B9807F0074A056;
			remoteInfo = CustomTools;
		};
/* End PBXContainerItemProxy section */

/* Begin PBXCopyFilesBuildPhase section */
		D823C18C27FBE1140087140E /* Embed Frameworks */ = {
			isa = PBXCopyFilesBuildPhase;
			buildActionMask = 2147483647;
			dstPath = "";
			dstSubfolderSpec = 10;
			files = (
			);
			name = "Embed Frameworks";
			runOnlyForDeploymentPostprocessing = 0;
		};
/* End PBXCopyFilesBuildPhase section */

/* Begin PBXFileReference section */
		40C644F5FE39700A19D25988 /* Pods-CustomToolsTests.release.xcconfig */ = {isa = PBXFileReference; includeInIndex = 1; lastKnownFileType = text.xcconfig; name = "Pods-CustomToolsTests.release.xcconfig"; path = "Target Support Files/Pods-CustomToolsTests/Pods-CustomToolsTests.release.xcconfig"; sourceTree = "<group>"; };
		4799D02321AA186064866D87 /* Pods_CustomTools.framework */ = {isa = PBXFileReference; explicitFileType = wrapper.framework; includeInIndex = 0; path = Pods_CustomTools.framework; sourceTree = BUILT_PRODUCTS_DIR; };
		52284AE50B2FFA5FE8354FFE /* Pods-CustomTools-CustomToolsUITests.debug.xcconfig */ = {isa = PBXFileReference; includeInIndex = 1; lastKnownFileType = text.xcconfig; name = "Pods-CustomTools-CustomToolsUITests.debug.xcconfig"; path = "Target Support Files/Pods-CustomTools-CustomToolsUITests/Pods-CustomTools-CustomToolsUITests.debug.xcconfig"; sourceTree = "<group>"; };
		62820202959C6BBD114CDF19 /* Pods_CustomTools_CustomToolsUITests.framework */ = {isa = PBXFileReference; explicitFileType = wrapper.framework; includeInIndex = 0; path = Pods_CustomTools_CustomToolsUITests.framework; sourceTree = BUILT_PRODUCTS_DIR; };
		7E0F823C25D11FE70002F83E /* CustomImagePreviewViewController.h */ = {isa = PBXFileReference; fileEncoding = 4; lastKnownFileType = sourcecode.c.h; path = CustomImagePreviewViewController.h; sourceTree = "<group>"; };
		7E0F823D25D11FE70002F83E /* CustomCameraViewController.m */ = {isa = PBXFileReference; fileEncoding = 4; lastKnownFileType = sourcecode.c.objc; path = CustomCameraViewController.m; sourceTree = "<group>"; };
		7E0F823E25D11FE70002F83E /* BaseViewController.m */ = {isa = PBXFileReference; fileEncoding = 4; lastKnownFileType = sourcecode.c.objc; path = BaseViewController.m; sourceTree = "<group>"; };
		7E0F823F25D11FE70002F83E /* CustomVideoPlayerViewController.m */ = {isa = PBXFileReference; fileEncoding = 4; lastKnownFileType = sourcecode.c.objc; path = CustomVideoPlayerViewController.m; sourceTree = "<group>"; };
		7E0F824025D11FE70002F83E /* CustomNavigationViewController.h */ = {isa = PBXFileReference; fileEncoding = 4; lastKnownFileType = sourcecode.c.h; path = CustomNavigationViewController.h; sourceTree = "<group>"; };
		7E0F824125D11FE70002F83E /* CustomImagePreviewViewController.m */ = {isa = PBXFileReference; fileEncoding = 4; lastKnownFileType = sourcecode.c.objc; path = CustomImagePreviewViewController.m; sourceTree = "<group>"; };
		7E0F824225D11FE70002F83E /* CustomCameraViewController.h */ = {isa = PBXFileReference; fileEncoding = 4; lastKnownFileType = sourcecode.c.h; path = CustomCameraViewController.h; sourceTree = "<group>"; };
		7E0F824325D11FE70002F83E /* CustomVideoPlayerViewController.h */ = {isa = PBXFileReference; fileEncoding = 4; lastKnownFileType = sourcecode.c.h; path = CustomVideoPlayerViewController.h; sourceTree = "<group>"; };
		7E0F824425D11FE70002F83E /* BaseViewController.h */ = {isa = PBXFileReference; fileEncoding = 4; lastKnownFileType = sourcecode.c.h; path = BaseViewController.h; sourceTree = "<group>"; };
		7E0F824525D11FE70002F83E /* CustomNavigationViewController.m */ = {isa = PBXFileReference; fileEncoding = 4; lastKnownFileType = sourcecode.c.objc; path = CustomNavigationViewController.m; sourceTree = "<group>"; };
		7E0F824725D11FE70002F83E /* CustomActionSheet.h */ = {isa = PBXFileReference; fileEncoding = 4; lastKnownFileType = sourcecode.c.h; path = CustomActionSheet.h; sourceTree = "<group>"; };
		7E0F824825D11FE70002F83E /* CustomGuideView.m */ = {isa = PBXFileReference; fileEncoding = 4; lastKnownFileType = sourcecode.c.objc; path = CustomGuideView.m; sourceTree = "<group>"; };
		7E0F824925D11FE70002F83E /* CustomProgressHUD.h */ = {isa = PBXFileReference; fileEncoding = 4; lastKnownFileType = sourcecode.c.h; path = CustomProgressHUD.h; sourceTree = "<group>"; };
		7E0F824A25D11FE70002F83E /* CustomResultContentView.m */ = {isa = PBXFileReference; fileEncoding = 4; lastKnownFileType = sourcecode.c.objc; path = CustomResultContentView.m; sourceTree = "<group>"; };
		7E0F824B25D11FE70002F83E /* CustomSheetContentView.m */ = {isa = PBXFileReference; fileEncoding = 4; lastKnownFileType = sourcecode.c.objc; path = CustomSheetContentView.m; sourceTree = "<group>"; };
		7E0F824C25D11FE70002F83E /* CustomTextView.m */ = {isa = PBXFileReference; fileEncoding = 4; lastKnownFileType = sourcecode.c.objc; path = CustomTextView.m; sourceTree = "<group>"; };
		7E0F824D25D11FE70002F83E /* CustomAlertView.m */ = {isa = PBXFileReference; fileEncoding = 4; lastKnownFileType = sourcecode.c.objc; path = CustomAlertView.m; sourceTree = "<group>"; };
		7E0F824E25D11FE70002F83E /* CustomGuideView.h */ = {isa = PBXFileReference; fileEncoding = 4; lastKnownFileType = sourcecode.c.h; path = CustomGuideView.h; sourceTree = "<group>"; };
		7E0F824F25D11FE70002F83E /* CustomActionSheet.m */ = {isa = PBXFileReference; fileEncoding = 4; lastKnownFileType = sourcecode.c.objc; path = CustomActionSheet.m; sourceTree = "<group>"; };
		7E0F825025D11FE70002F83E /* CustomResultContentView.h */ = {isa = PBXFileReference; fileEncoding = 4; lastKnownFileType = sourcecode.c.h; path = CustomResultContentView.h; sourceTree = "<group>"; };
		7E0F825125D11FE70002F83E /* CustomProgressHUD.m */ = {isa = PBXFileReference; fileEncoding = 4; lastKnownFileType = sourcecode.c.objc; path = CustomProgressHUD.m; sourceTree = "<group>"; };
		7E0F825225D11FE70002F83E /* CustomAlertView.h */ = {isa = PBXFileReference; fileEncoding = 4; lastKnownFileType = sourcecode.c.h; path = CustomAlertView.h; sourceTree = "<group>"; };
		7E0F825325D11FE70002F83E /* CustomTextView.h */ = {isa = PBXFileReference; fileEncoding = 4; lastKnownFileType = sourcecode.c.h; path = CustomTextView.h; sourceTree = "<group>"; };
		7E0F825425D11FE70002F83E /* CustomSheetContentView.h */ = {isa = PBXFileReference; fileEncoding = 4; lastKnownFileType = sourcecode.c.h; path = CustomSheetContentView.h; sourceTree = "<group>"; };
		7E0F825625D11FE70002F83E /* CustomSTOMPClient.m */ = {isa = PBXFileReference; fileEncoding = 4; lastKnownFileType = sourcecode.c.objc; path = CustomSTOMPClient.m; sourceTree = "<group>"; };
		7E0F825725D11FE70002F83E /* CustomImagePickerController.h */ = {isa = PBXFileReference; fileEncoding = 4; lastKnownFileType = sourcecode.c.h; path = CustomImagePickerController.h; sourceTree = "<group>"; };
		7E0F825825D11FE70002F83E /* CustomImagePickerController.m */ = {isa = PBXFileReference; fileEncoding = 4; lastKnownFileType = sourcecode.c.objc; path = CustomImagePickerController.m; sourceTree = "<group>"; };
		7E0F825925D11FE70002F83E /* CustomSTOMPClient.h */ = {isa = PBXFileReference; fileEncoding = 4; lastKnownFileType = sourcecode.c.h; path = CustomSTOMPClient.h; sourceTree = "<group>"; };
		7E0F825B25D11FE70002F83E /* WeChatManager.h */ = {isa = PBXFileReference; fileEncoding = 4; lastKnownFileType = sourcecode.c.h; path = WeChatManager.h; sourceTree = "<group>"; };
		7E0F825C25D11FE70002F83E /* WebSocketManager.m */ = {isa = PBXFileReference; fileEncoding = 4; lastKnownFileType = sourcecode.c.objc; path = WebSocketManager.m; sourceTree = "<group>"; };
		7E0F825D25D11FE70002F83E /* NetWorkTool.m */ = {isa = PBXFileReference; fileEncoding = 4; lastKnownFileType = sourcecode.c.objc; path = NetWorkTool.m; sourceTree = "<group>"; };
		7E0F825E25D11FE70002F83E /* OpenInstallManager.m */ = {isa = PBXFileReference; fileEncoding = 4; lastKnownFileType = sourcecode.c.objc; path = OpenInstallManager.m; sourceTree = "<group>"; };
		7E0F825F25D11FE70002F83E /* StorageTool.m */ = {isa = PBXFileReference; fileEncoding = 4; lastKnownFileType = sourcecode.c.objc; path = StorageTool.m; sourceTree = "<group>"; };
		7E0F826025D11FE70002F83E /* LiveManager.m */ = {isa = PBXFileReference; fileEncoding = 4; lastKnownFileType = sourcecode.c.objc; path = LiveManager.m; sourceTree = "<group>"; };
		7E0F826125D11FE70002F83E /* UploadManager.h */ = {isa = PBXFileReference; fileEncoding = 4; lastKnownFileType = sourcecode.c.h; path = UploadManager.h; sourceTree = "<group>"; };
		7E0F826225D11FE70002F83E /* WeChatManager.m */ = {isa = PBXFileReference; fileEncoding = 4; lastKnownFileType = sourcecode.c.objc; path = WeChatManager.m; sourceTree = "<group>"; };
		7E0F826325D11FE70002F83E /* OpenInstallManager.h */ = {isa = PBXFileReference; fileEncoding = 4; lastKnownFileType = sourcecode.c.h; path = OpenInstallManager.h; sourceTree = "<group>"; };
		7E0F826425D11FE70002F83E /* NetWorkTool.h */ = {isa = PBXFileReference; fileEncoding = 4; lastKnownFileType = sourcecode.c.h; path = NetWorkTool.h; sourceTree = "<group>"; };
		7E0F826525D11FE70002F83E /* WebSocketManager.h */ = {isa = PBXFileReference; fileEncoding = 4; lastKnownFileType = sourcecode.c.h; path = WebSocketManager.h; sourceTree = "<group>"; };
		7E0F826625D11FE70002F83E /* StorageTool.h */ = {isa = PBXFileReference; fileEncoding = 4; lastKnownFileType = sourcecode.c.h; path = StorageTool.h; sourceTree = "<group>"; };
		7E0F826725D11FE70002F83E /* UploadManager.m */ = {isa = PBXFileReference; fileEncoding = 4; lastKnownFileType = sourcecode.c.objc; path = UploadManager.m; sourceTree = "<group>"; };
		7E0F826825D11FE70002F83E /* LiveManager.h */ = {isa = PBXFileReference; fileEncoding = 4; lastKnownFileType = sourcecode.c.h; path = LiveManager.h; sourceTree = "<group>"; };
		7E0F826A25D11FE70002F83E /* NSString+Custom.m */ = {isa = PBXFileReference; fileEncoding = 4; lastKnownFileType = sourcecode.c.objc; path = "NSString+Custom.m"; sourceTree = "<group>"; };
		7E0F826B25D11FE70002F83E /* UITextField+Custom.m */ = {isa = PBXFileReference; fileEncoding = 4; lastKnownFileType = sourcecode.c.objc; path = "UITextField+Custom.m"; sourceTree = "<group>"; };
		7E0F826C25D11FE70002F83E /* UISearchBar+Custom.m */ = {isa = PBXFileReference; fileEncoding = 4; lastKnownFileType = sourcecode.c.objc; path = "UISearchBar+Custom.m"; sourceTree = "<group>"; };
		7E0F826D25D11FE70002F83E /* UIButton+Custom.h */ = {isa = PBXFileReference; fileEncoding = 4; lastKnownFileType = sourcecode.c.h; path = "UIButton+Custom.h"; sourceTree = "<group>"; };
		7E0F826E25D11FE70002F83E /* UIFont+Custom.h */ = {isa = PBXFileReference; fileEncoding = 4; lastKnownFileType = sourcecode.c.h; path = "UIFont+Custom.h"; sourceTree = "<group>"; };
		7E0F826F25D11FE70002F83E /* UIView+Custom.h */ = {isa = PBXFileReference; fileEncoding = 4; lastKnownFileType = sourcecode.c.h; path = "UIView+Custom.h"; sourceTree = "<group>"; };
		7E0F827025D11FE70002F83E /* UIImage+Custom.m */ = {isa = PBXFileReference; fileEncoding = 4; lastKnownFileType = sourcecode.c.objc; path = "UIImage+Custom.m"; sourceTree = "<group>"; };
		7E0F827125D11FE70002F83E /* UILabel+Custom.m */ = {isa = PBXFileReference; fileEncoding = 4; lastKnownFileType = sourcecode.c.objc; path = "UILabel+Custom.m"; sourceTree = "<group>"; };
		7E0F827225D11FE70002F83E /* NSObject+Custom.h */ = {isa = PBXFileReference; fileEncoding = 4; lastKnownFileType = sourcecode.c.h; path = "NSObject+Custom.h"; sourceTree = "<group>"; };
		7E0F827325D11FE70002F83E /* UISearchBar+Custom.h */ = {isa = PBXFileReference; fileEncoding = 4; lastKnownFileType = sourcecode.c.h; path = "UISearchBar+Custom.h"; sourceTree = "<group>"; };
		7E0F827425D11FE70002F83E /* UITextField+Custom.h */ = {isa = PBXFileReference; fileEncoding = 4; lastKnownFileType = sourcecode.c.h; path = "UITextField+Custom.h"; sourceTree = "<group>"; };
		7E0F827525D11FE70002F83E /* NSString+Custom.h */ = {isa = PBXFileReference; fileEncoding = 4; lastKnownFileType = sourcecode.c.h; path = "NSString+Custom.h"; sourceTree = "<group>"; };
		7E0F827625D11FE70002F83E /* UIView+Custom.m */ = {isa = PBXFileReference; fileEncoding = 4; lastKnownFileType = sourcecode.c.objc; path = "UIView+Custom.m"; sourceTree = "<group>"; };
		7E0F827725D11FE70002F83E /* UIFont+Custom.m */ = {isa = PBXFileReference; fileEncoding = 4; lastKnownFileType = sourcecode.c.objc; path = "UIFont+Custom.m"; sourceTree = "<group>"; };
		7E0F827825D11FE70002F83E /* UIButton+Custom.m */ = {isa = PBXFileReference; fileEncoding = 4; lastKnownFileType = sourcecode.c.objc; path = "UIButton+Custom.m"; sourceTree = "<group>"; };
		7E0F827925D11FE70002F83E /* NSObject+Custom.m */ = {isa = PBXFileReference; fileEncoding = 4; lastKnownFileType = sourcecode.c.objc; path = "NSObject+Custom.m"; sourceTree = "<group>"; };
		7E0F827A25D11FE70002F83E /* UILabel+Custom.h */ = {isa = PBXFileReference; fileEncoding = 4; lastKnownFileType = sourcecode.c.h; path = "UILabel+Custom.h"; sourceTree = "<group>"; };
		7E0F827B25D11FE70002F83E /* UIImage+Custom.h */ = {isa = PBXFileReference; fileEncoding = 4; lastKnownFileType = sourcecode.c.h; path = "UIImage+Custom.h"; sourceTree = "<group>"; };
		7E0F82CB25D129790002F83E /* ChannelInfo.h */ = {isa = PBXFileReference; fileEncoding = 4; lastKnownFileType = sourcecode.c.h; path = ChannelInfo.h; sourceTree = "<group>"; };
		7E0F82CC25D129790002F83E /* VideoInfo.m */ = {isa = PBXFileReference; fileEncoding = 4; lastKnownFileType = sourcecode.c.objc; path = VideoInfo.m; sourceTree = "<group>"; };
		7E0F82CD25D1297A0002F83E /* ChannelInfo.m */ = {isa = PBXFileReference; fileEncoding = 4; lastKnownFileType = sourcecode.c.objc; path = ChannelInfo.m; sourceTree = "<group>"; };
		7E0F82CE25D1297A0002F83E /* VideoInfo.h */ = {isa = PBXFileReference; fileEncoding = 4; lastKnownFileType = sourcecode.c.h; path = VideoInfo.h; sourceTree = "<group>"; };
		7E0F82D425D1299C0002F83E /* LiveModel.h */ = {isa = PBXFileReference; fileEncoding = 4; lastKnownFileType = sourcecode.c.h; path = LiveModel.h; sourceTree = "<group>"; };
		7E0F82D525D1299C0002F83E /* LiveModel.m */ = {isa = PBXFileReference; fileEncoding = 4; lastKnownFileType = sourcecode.c.objc; path = LiveModel.m; sourceTree = "<group>"; };
		7E0F82D625D1299C0002F83E /* LiveInfo.m */ = {isa = PBXFileReference; fileEncoding = 4; lastKnownFileType = sourcecode.c.objc; path = LiveInfo.m; sourceTree = "<group>"; };
		7E0F82D725D1299C0002F83E /* LiveInfo.h */ = {isa = PBXFileReference; fileEncoding = 4; lastKnownFileType = sourcecode.c.h; path = LiveInfo.h; sourceTree = "<group>"; };
		7E92057325B9807F0074A056 /* CustomTools.app */ = {isa = PBXFileReference; explicitFileType = wrapper.application; includeInIndex = 0; path = CustomTools.app; sourceTree = BUILT_PRODUCTS_DIR; };
		7E92057625B9807F0074A056 /* AppDelegate.h */ = {isa = PBXFileReference; lastKnownFileType = sourcecode.c.h; path = AppDelegate.h; sourceTree = "<group>"; };
		7E92057725B9807F0074A056 /* AppDelegate.m */ = {isa = PBXFileReference; lastKnownFileType = sourcecode.c.objc; path = AppDelegate.m; sourceTree = "<group>"; };
		7E92057925B9807F0074A056 /* SceneDelegate.h */ = {isa = PBXFileReference; lastKnownFileType = sourcecode.c.h; path = SceneDelegate.h; sourceTree = "<group>"; };
		7E92057A25B9807F0074A056 /* SceneDelegate.m */ = {isa = PBXFileReference; lastKnownFileType = sourcecode.c.objc; path = SceneDelegate.m; sourceTree = "<group>"; };
		7E92058025B9807F0074A056 /* Base */ = {isa = PBXFileReference; lastKnownFileType = file.storyboard; name = Base; path = Base.lproj/Main.storyboard; sourceTree = "<group>"; };
		7E92058225B980830074A056 /* Assets.xcassets */ = {isa = PBXFileReference; lastKnownFileType = folder.assetcatalog; path = Assets.xcassets; sourceTree = "<group>"; };
		7E92058525B980830074A056 /* Base */ = {isa = PBXFileReference; lastKnownFileType = file.storyboard; name = Base; path = Base.lproj/LaunchScreen.storyboard; sourceTree = "<group>"; };
		7E92058725B980830074A056 /* Info.plist */ = {isa = PBXFileReference; lastKnownFileType = text.plist.xml; path = Info.plist; sourceTree = "<group>"; };
		7E92058825B980830074A056 /* main.m */ = {isa = PBXFileReference; lastKnownFileType = sourcecode.c.objc; path = main.m; sourceTree = "<group>"; };
		7E92058E25B980830074A056 /* CustomToolsTests.xctest */ = {isa = PBXFileReference; explicitFileType = wrapper.cfbundle; includeInIndex = 0; path = CustomToolsTests.xctest; sourceTree = BUILT_PRODUCTS_DIR; };
		7E92059225B980830074A056 /* CustomToolsTests.m */ = {isa = PBXFileReference; lastKnownFileType = sourcecode.c.objc; path = CustomToolsTests.m; sourceTree = "<group>"; };
		7E92059425B980830074A056 /* Info.plist */ = {isa = PBXFileReference; lastKnownFileType = text.plist.xml; path = Info.plist; sourceTree = "<group>"; };
		7E92059925B980840074A056 /* CustomToolsUITests.xctest */ = {isa = PBXFileReference; explicitFileType = wrapper.cfbundle; includeInIndex = 0; path = CustomToolsUITests.xctest; sourceTree = BUILT_PRODUCTS_DIR; };
		7E92059D25B980840074A056 /* CustomToolsUITests.m */ = {isa = PBXFileReference; lastKnownFileType = sourcecode.c.objc; path = CustomToolsUITests.m; sourceTree = "<group>"; };
		7E92059F25B980840074A056 /* Info.plist */ = {isa = PBXFileReference; lastKnownFileType = text.plist.xml; path = Info.plist; sourceTree = "<group>"; };
		7E92064A25B982090074A056 /* Values.h */ = {isa = PBXFileReference; fileEncoding = 4; lastKnownFileType = sourcecode.c.h; path = Values.h; sourceTree = "<group>"; };
		7E92064B25B982090074A056 /* URL.h */ = {isa = PBXFileReference; fileEncoding = 4; lastKnownFileType = sourcecode.c.h; path = URL.h; sourceTree = "<group>"; };
		7E92064C25B982090074A056 /* Functions.h */ = {isa = PBXFileReference; fileEncoding = 4; lastKnownFileType = sourcecode.c.h; path = Functions.h; sourceTree = "<group>"; };
		7E92064D25B982090074A056 /* PrefixHeader.pch */ = {isa = PBXFileReference; fileEncoding = 4; lastKnownFileType = sourcecode.c.h; path = PrefixHeader.pch; sourceTree = "<group>"; };
		7E9EAA8F25D269E0008308FF /* Images.xcassets */ = {isa = PBXFileReference; lastKnownFileType = folder.assetcatalog; path = Images.xcassets; sourceTree = "<group>"; };
		7E9EAA9425D26A46008308FF /* iconfont.ttf */ = {isa = PBXFileReference; lastKnownFileType = file; path = iconfont.ttf; sourceTree = "<group>"; };
		7E9EAA9F25D272D2008308FF /* ViewController.m */ = {isa = PBXFileReference; fileEncoding = 4; lastKnownFileType = sourcecode.c.objc; path = ViewController.m; sourceTree = "<group>"; };
		7E9EAAA025D272D2008308FF /* ViewController.h */ = {isa = PBXFileReference; fileEncoding = 4; lastKnownFileType = sourcecode.c.h; path = ViewController.h; sourceTree = "<group>"; };
		7E9EAAA525D27C51008308FF /* CustomCollectionViewCell.h */ = {isa = PBXFileReference; lastKnownFileType = sourcecode.c.h; path = CustomCollectionViewCell.h; sourceTree = "<group>"; };
		7E9EAAA625D27C51008308FF /* CustomCollectionViewCell.m */ = {isa = PBXFileReference; lastKnownFileType = sourcecode.c.objc; path = CustomCollectionViewCell.m; sourceTree = "<group>"; };
		7E9EAAAB25D285E5008308FF /* CustomCollectionReusableView.h */ = {isa = PBXFileReference; lastKnownFileType = sourcecode.c.h; path = CustomCollectionReusableView.h; sourceTree = "<group>"; };
		7E9EAAAC25D285E5008308FF /* CustomCollectionReusableView.m */ = {isa = PBXFileReference; lastKnownFileType = sourcecode.c.objc; path = CustomCollectionReusableView.m; sourceTree = "<group>"; };
		7EDC0C2C25DDFC8400691BED /* LiveStreamViewController.h */ = {isa = PBXFileReference; fileEncoding = 4; lastKnownFileType = sourcecode.c.h; path = LiveStreamViewController.h; sourceTree = "<group>"; };
		7EDC0C2D25DDFC8400691BED /* LiveStreamViewController.m */ = {isa = PBXFileReference; fileEncoding = 4; lastKnownFileType = sourcecode.c.objc; path = LiveStreamViewController.m; sourceTree = "<group>"; };
		7EDC0C3525DDFDB600691BED /* KeyboardAboveView.m */ = {isa = PBXFileReference; fileEncoding = 4; lastKnownFileType = sourcecode.c.objc; path = KeyboardAboveView.m; sourceTree = "<group>"; };
		7EDC0C3625DDFDB600691BED /* KeyboardAboveView.h */ = {isa = PBXFileReference; fileEncoding = 4; lastKnownFileType = sourcecode.c.h; path = KeyboardAboveView.h; sourceTree = "<group>"; };
		7EDC0C7725DF5D9800691BED /* LivePlayerViewController.h */ = {isa = PBXFileReference; lastKnownFileType = sourcecode.c.h; path = LivePlayerViewController.h; sourceTree = "<group>"; };
		7EDC0C7825DF5D9800691BED /* LivePlayerViewController.m */ = {isa = PBXFileReference; lastKnownFileType = sourcecode.c.objc; path = LivePlayerViewController.m; sourceTree = "<group>"; };
		7EDC0C8725E394AF00691BED /* AudioRecordManager.h */ = {isa = PBXFileReference; lastKnownFileType = sourcecode.c.h; path = AudioRecordManager.h; sourceTree = "<group>"; };
		7EDC0C8825E394AF00691BED /* AudioRecordManager.m */ = {isa = PBXFileReference; lastKnownFileType = sourcecode.c.objc; path = AudioRecordManager.m; sourceTree = "<group>"; };
		7EDC0C8D25E3955B00691BED /* lame.h */ = {isa = PBXFileReference; fileEncoding = 4; lastKnownFileType = sourcecode.c.h; path = lame.h; sourceTree = "<group>"; };
		7EDC0C8E25E3955B00691BED /* libmp3lame.a */ = {isa = PBXFileReference; lastKnownFileType = archive.ar; path = libmp3lame.a; sourceTree = "<group>"; };
		7EDC0C9925E39C0900691BED /* AudioViewController.h */ = {isa = PBXFileReference; lastKnownFileType = sourcecode.c.h; path = AudioViewController.h; sourceTree = "<group>"; };
		7EDC0C9A25E39C0900691BED /* AudioViewController.m */ = {isa = PBXFileReference; lastKnownFileType = sourcecode.c.objc; path = AudioViewController.m; sourceTree = "<group>"; };
		7EDC0C9F25E4900E00691BED /* WebViewController.h */ = {isa = PBXFileReference; lastKnownFileType = sourcecode.c.h; path = WebViewController.h; sourceTree = "<group>"; };
		7EDC0CA025E4900E00691BED /* WebViewController.m */ = {isa = PBXFileReference; lastKnownFileType = sourcecode.c.objc; path = WebViewController.m; sourceTree = "<group>"; };
		7EDC0CB325E49E2B00691BED /* test.html */ = {isa = PBXFileReference; fileEncoding = 4; lastKnownFileType = text.html; path = test.html; sourceTree = "<group>"; };
		7EDC0CBB25E4A8F900691BED /* guide_04.jpg */ = {isa = PBXFileReference; lastKnownFileType = image.jpeg; path = guide_04.jpg; sourceTree = "<group>"; };
		7EDC0CBC25E4A8F900691BED /* guide_01.jpg */ = {isa = PBXFileReference; lastKnownFileType = image.jpeg; path = guide_01.jpg; sourceTree = "<group>"; };
		7EDC0CBD25E4A8FA00691BED /* guide_03.jpg */ = {isa = PBXFileReference; lastKnownFileType = image.jpeg; path = guide_03.jpg; sourceTree = "<group>"; };
		7EDC0CBE25E4A8FA00691BED /* guide_02.jpg */ = {isa = PBXFileReference; lastKnownFileType = image.jpeg; path = guide_02.jpg; sourceTree = "<group>"; };
		B98FAE62A98C4A8B8C639147 /* Pods-CustomTools.release.xcconfig */ = {isa = PBXFileReference; includeInIndex = 1; lastKnownFileType = text.xcconfig; name = "Pods-CustomTools.release.xcconfig"; path = "Target Support Files/Pods-CustomTools/Pods-CustomTools.release.xcconfig"; sourceTree = "<group>"; };
		D861117D27F72B4400CA19F4 /* SecureTextField.h */ = {isa = PBXFileReference; fileEncoding = 4; lastKnownFileType = sourcecode.c.h; path = SecureTextField.h; sourceTree = "<group>"; };
		D861117E27F72B4400CA19F4 /* SecureTextField.m */ = {isa = PBXFileReference; fileEncoding = 4; lastKnownFileType = sourcecode.c.objc; path = SecureTextField.m; sourceTree = "<group>"; };
		D891C2E02691D81B0081602D /* CustomScanViewController.h */ = {isa = PBXFileReference; fileEncoding = 4; lastKnownFileType = sourcecode.c.h; path = CustomScanViewController.h; sourceTree = "<group>"; };
		D891C2E12691D81B0081602D /* CustomScanViewController.m */ = {isa = PBXFileReference; fileEncoding = 4; lastKnownFileType = sourcecode.c.objc; path = CustomScanViewController.m; sourceTree = "<group>"; };
		D8E8275B27FC0CEB00851613 /* TextFieldViewController.h */ = {isa = PBXFileReference; lastKnownFileType = sourcecode.c.h; path = TextFieldViewController.h; sourceTree = "<group>"; };
		D8E8275C27FC0CEB00851613 /* TextFieldViewController.m */ = {isa = PBXFileReference; lastKnownFileType = sourcecode.c.objc; path = TextFieldViewController.m; sourceTree = "<group>"; };
		DE8C8321230F7BDF3B1C0692 /* Pods-CustomToolsTests.debug.xcconfig */ = {isa = PBXFileReference; includeInIndex = 1; lastKnownFileType = text.xcconfig; name = "Pods-CustomToolsTests.debug.xcconfig"; path = "Target Support Files/Pods-CustomToolsTests/Pods-CustomToolsTests.debug.xcconfig"; sourceTree = "<group>"; };
		E737D10EAB9E400660C6E1C1 /* Pods_CustomToolsTests.framework */ = {isa = PBXFileReference; explicitFileType = wrapper.framework; includeInIndex = 0; path = Pods_CustomToolsTests.framework; sourceTree = BUILT_PRODUCTS_DIR; };
		EBFD420297CF584E59658E2B /* Pods-CustomTools-CustomToolsUITests.release.xcconfig */ = {isa = PBXFileReference; includeInIndex = 1; lastKnownFileType = text.xcconfig; name = "Pods-CustomTools-CustomToolsUITests.release.xcconfig"; path = "Target Support Files/Pods-CustomTools-CustomToolsUITests/Pods-CustomTools-CustomToolsUITests.release.xcconfig"; sourceTree = "<group>"; };
		F576CDFE2E7639C9D282EB84 /* Pods-CustomTools.debug.xcconfig */ = {isa = PBXFileReference; includeInIndex = 1; lastKnownFileType = text.xcconfig; name = "Pods-CustomTools.debug.xcconfig"; path = "Target Support Files/Pods-CustomTools/Pods-CustomTools.debug.xcconfig"; sourceTree = "<group>"; };
/* End PBXFileReference section */

/* Begin PBXFrameworksBuildPhase section */
		7E92057025B9807F0074A056 /* Frameworks */ = {
			isa = PBXFrameworksBuildPhase;
			buildActionMask = 2147483647;
			files = (
				7EDC0C8F25E3955B00691BED /* libmp3lame.a in Frameworks */,
				455F220051EDF0F086E9707C /* Pods_CustomTools.framework in Frameworks */,
			);
			runOnlyForDeploymentPostprocessing = 0;
		};
		7E92058B25B980830074A056 /* Frameworks */ = {
			isa = PBXFrameworksBuildPhase;
			buildActionMask = 2147483647;
			files = (
				4FE930DF276AA434A6F8F5D9 /* Pods_CustomToolsTests.framework in Frameworks */,
			);
			runOnlyForDeploymentPostprocessing = 0;
		};
		7E92059625B980840074A056 /* Frameworks */ = {
			isa = PBXFrameworksBuildPhase;
			buildActionMask = 2147483647;
			files = (
				262C7C6D8AE801CCCCC71A6E /* Pods_CustomTools_CustomToolsUITests.framework in Frameworks */,
			);
			runOnlyForDeploymentPostprocessing = 0;
		};
/* End PBXFrameworksBuildPhase section */

/* Begin PBXGroup section */
		3068E0EFA9638573623A5EDF /* Frameworks */ = {
			isa = PBXGroup;
			children = (
				62820202959C6BBD114CDF19 /* Pods_CustomTools_CustomToolsUITests.framework */,
				E737D10EAB9E400660C6E1C1 /* Pods_CustomToolsTests.framework */,
				4799D02321AA186064866D87 /* Pods_CustomTools.framework */,
			);
			name = Frameworks;
			sourceTree = "<group>";
		};
		7E0F823A25D11FE70002F83E /* Common */ = {
			isa = PBXGroup;
			children = (
				7E0F823B25D11FE70002F83E /* Controller */,
				7E0F824625D11FE70002F83E /* View */,
				7E0F825525D11FE70002F83E /* Third Party */,
				7E0F825A25D11FE70002F83E /* Tool */,
			);
			path = Common;
			sourceTree = "<group>";
		};
		7E0F823B25D11FE70002F83E /* Controller */ = {
			isa = PBXGroup;
			children = (
				D891C2E02691D81B0081602D /* CustomScanViewController.h */,
				D891C2E12691D81B0081602D /* CustomScanViewController.m */,
				7E0F824425D11FE70002F83E /* BaseViewController.h */,
				7E0F823E25D11FE70002F83E /* BaseViewController.m */,
				7E0F824225D11FE70002F83E /* CustomCameraViewController.h */,
				7E0F823D25D11FE70002F83E /* CustomCameraViewController.m */,
				7E0F823C25D11FE70002F83E /* CustomImagePreviewViewController.h */,
				7E0F824125D11FE70002F83E /* CustomImagePreviewViewController.m */,
				7E0F824325D11FE70002F83E /* CustomVideoPlayerViewController.h */,
				7E0F823F25D11FE70002F83E /* CustomVideoPlayerViewController.m */,
				7E0F824025D11FE70002F83E /* CustomNavigationViewController.h */,
				7E0F824525D11FE70002F83E /* CustomNavigationViewController.m */,
			);
			path = Controller;
			sourceTree = "<group>";
		};
		7E0F824625D11FE70002F83E /* View */ = {
			isa = PBXGroup;
			children = (
				D861117D27F72B4400CA19F4 /* SecureTextField.h */,
				D861117E27F72B4400CA19F4 /* SecureTextField.m */,
				7E0F824E25D11FE70002F83E /* CustomGuideView.h */,
				7E0F824825D11FE70002F83E /* CustomGuideView.m */,
				7E0F824925D11FE70002F83E /* CustomProgressHUD.h */,
				7E0F825125D11FE70002F83E /* CustomProgressHUD.m */,
				7E0F825225D11FE70002F83E /* CustomAlertView.h */,
				7E0F824D25D11FE70002F83E /* CustomAlertView.m */,
				7E0F825025D11FE70002F83E /* CustomResultContentView.h */,
				7E0F824A25D11FE70002F83E /* CustomResultContentView.m */,
				7E0F824725D11FE70002F83E /* CustomActionSheet.h */,
				7E0F824F25D11FE70002F83E /* CustomActionSheet.m */,
				7E0F825425D11FE70002F83E /* CustomSheetContentView.h */,
				7E0F824B25D11FE70002F83E /* CustomSheetContentView.m */,
				7E0F825325D11FE70002F83E /* CustomTextView.h */,
				7E0F824C25D11FE70002F83E /* CustomTextView.m */,
			);
			path = View;
			sourceTree = "<group>";
		};
		7E0F825525D11FE70002F83E /* Third Party */ = {
			isa = PBXGroup;
			children = (
				7EDC0C8D25E3955B00691BED /* lame.h */,
				7EDC0C8E25E3955B00691BED /* libmp3lame.a */,
				7E0F825925D11FE70002F83E /* CustomSTOMPClient.h */,
				7E0F825625D11FE70002F83E /* CustomSTOMPClient.m */,
				7E0F825725D11FE70002F83E /* CustomImagePickerController.h */,
				7E0F825825D11FE70002F83E /* CustomImagePickerController.m */,
			);
			path = "Third Party";
			sourceTree = "<group>";
		};
		7E0F825A25D11FE70002F83E /* Tool */ = {
			isa = PBXGroup;
			children = (
				7E0F825B25D11FE70002F83E /* WeChatManager.h */,
				7E0F826225D11FE70002F83E /* WeChatManager.m */,
				7E0F826625D11FE70002F83E /* StorageTool.h */,
				7E0F825F25D11FE70002F83E /* StorageTool.m */,
				7E0F826825D11FE70002F83E /* LiveManager.h */,
				7E0F826025D11FE70002F83E /* LiveManager.m */,
				7E0F826325D11FE70002F83E /* OpenInstallManager.h */,
				7E0F825E25D11FE70002F83E /* OpenInstallManager.m */,
				7E0F826425D11FE70002F83E /* NetWorkTool.h */,
				7E0F825D25D11FE70002F83E /* NetWorkTool.m */,
				7E0F826525D11FE70002F83E /* WebSocketManager.h */,
				7E0F825C25D11FE70002F83E /* WebSocketManager.m */,
				7E0F826125D11FE70002F83E /* UploadManager.h */,
				7E0F826725D11FE70002F83E /* UploadManager.m */,
				7EDC0C8725E394AF00691BED /* AudioRecordManager.h */,
				7EDC0C8825E394AF00691BED /* AudioRecordManager.m */,
			);
			path = Tool;
			sourceTree = "<group>";
		};
		7E0F826925D11FE70002F83E /* Category */ = {
			isa = PBXGroup;
			children = (
				7E0F827525D11FE70002F83E /* NSString+Custom.h */,
				7E0F826A25D11FE70002F83E /* NSString+Custom.m */,
				7E0F827425D11FE70002F83E /* UITextField+Custom.h */,
				7E0F826B25D11FE70002F83E /* UITextField+Custom.m */,
				7E0F827325D11FE70002F83E /* UISearchBar+Custom.h */,
				7E0F826C25D11FE70002F83E /* UISearchBar+Custom.m */,
				7E0F826D25D11FE70002F83E /* UIButton+Custom.h */,
				7E0F827825D11FE70002F83E /* UIButton+Custom.m */,
				7E0F826E25D11FE70002F83E /* UIFont+Custom.h */,
				7E0F827725D11FE70002F83E /* UIFont+Custom.m */,
				7E0F826F25D11FE70002F83E /* UIView+Custom.h */,
				7E0F827625D11FE70002F83E /* UIView+Custom.m */,
				7E0F827B25D11FE70002F83E /* UIImage+Custom.h */,
				7E0F827025D11FE70002F83E /* UIImage+Custom.m */,
				7E0F827A25D11FE70002F83E /* UILabel+Custom.h */,
				7E0F827125D11FE70002F83E /* UILabel+Custom.m */,
				7E0F827225D11FE70002F83E /* NSObject+Custom.h */,
				7E0F827925D11FE70002F83E /* NSObject+Custom.m */,
			);
			path = Category;
			sourceTree = "<group>";
		};
		7E0F82CA25D129590002F83E /* Model */ = {
			isa = PBXGroup;
			children = (
				7E0F82D725D1299C0002F83E /* LiveInfo.h */,
				7E0F82D625D1299C0002F83E /* LiveInfo.m */,
				7E0F82D425D1299C0002F83E /* LiveModel.h */,
				7E0F82D525D1299C0002F83E /* LiveModel.m */,
				7E0F82CB25D129790002F83E /* ChannelInfo.h */,
				7E0F82CD25D1297A0002F83E /* ChannelInfo.m */,
				7E0F82CE25D1297A0002F83E /* VideoInfo.h */,
				7E0F82CC25D129790002F83E /* VideoInfo.m */,
			);
			path = Model;
			sourceTree = "<group>";
		};
		7E92056A25B9807E0074A056 = {
			isa = PBXGroup;
			children = (
				7E92057525B9807F0074A056 /* CustomTools */,
				7E92059125B980830074A056 /* CustomToolsTests */,
				7E92059C25B980840074A056 /* CustomToolsUITests */,
				7E92057425B9807F0074A056 /* Products */,
				82B60165061B325EB599EED2 /* Pods */,
				3068E0EFA9638573623A5EDF /* Frameworks */,
			);
			sourceTree = "<group>";
		};
		7E92057425B9807F0074A056 /* Products */ = {
			isa = PBXGroup;
			children = (
				7E92057325B9807F0074A056 /* CustomTools.app */,
				7E92058E25B980830074A056 /* CustomToolsTests.xctest */,
				7E92059925B980840074A056 /* CustomToolsUITests.xctest */,
			);
			name = Products;
			sourceTree = "<group>";
		};
		7E92057525B9807F0074A056 /* CustomTools */ = {
			isa = PBXGroup;
			children = (
				7E0F82CA25D129590002F83E /* Model */,
				7E0F826925D11FE70002F83E /* Category */,
				7E0F823A25D11FE70002F83E /* Common */,
				7E92064925B982090074A056 /* Macro */,
				7E9EAA7B25D264C1008308FF /* Main */,
				7E9EAA8225D264EB008308FF /* Supporting Files */,
			);
			path = CustomTools;
			sourceTree = "<group>";
		};
		7E92059125B980830074A056 /* CustomToolsTests */ = {
			isa = PBXGroup;
			children = (
				7E92059225B980830074A056 /* CustomToolsTests.m */,
				7E92059425B980830074A056 /* Info.plist */,
			);
			path = CustomToolsTests;
			sourceTree = "<group>";
		};
		7E92059C25B980840074A056 /* CustomToolsUITests */ = {
			isa = PBXGroup;
			children = (
				7E92059D25B980840074A056 /* CustomToolsUITests.m */,
				7E92059F25B980840074A056 /* Info.plist */,
			);
			path = CustomToolsUITests;
			sourceTree = "<group>";
		};
		7E92064925B982090074A056 /* Macro */ = {
			isa = PBXGroup;
			children = (
				7E92064A25B982090074A056 /* Values.h */,
				7E92064B25B982090074A056 /* URL.h */,
				7E92064C25B982090074A056 /* Functions.h */,
				7E92064D25B982090074A056 /* PrefixHeader.pch */,
			);
			path = Macro;
			sourceTree = "<group>";
		};
		7E9EAA7B25D264C1008308FF /* Main */ = {
			isa = PBXGroup;
			children = (
				7E92057625B9807F0074A056 /* AppDelegate.h */,
				7E92057725B9807F0074A056 /* AppDelegate.m */,
				7E92057925B9807F0074A056 /* SceneDelegate.h */,
				7E92057A25B9807F0074A056 /* SceneDelegate.m */,
				7E9EAAA025D272D2008308FF /* ViewController.h */,
				7E9EAA9F25D272D2008308FF /* ViewController.m */,
				7E9EAAC825D390A4008308FF /* WMYLINK */,
				7E9EAAD025D3914F008308FF /* WMYCLOUD */,
				7E9EAACF25D39117008308FF /* BTCARD */,
				7E9EAACE25D390FD008308FF /* LECAI */,
				7EDC0CCA25E4AB5900691BED /* HYC */,
			);
			path = Main;
			sourceTree = "<group>";
		};
		7E9EAA8225D264EB008308FF /* Supporting Files */ = {
			isa = PBXGroup;
			children = (
				7EDC0CC625E4A90300691BED /* guide */,
				7E9EAA9425D26A46008308FF /* iconfont.ttf */,
				7E92057F25B9807F0074A056 /* Main.storyboard */,
				7E92058225B980830074A056 /* Assets.xcassets */,
				7E92058425B980830074A056 /* LaunchScreen.storyboard */,
				7E92058725B980830074A056 /* Info.plist */,
				7E92058825B980830074A056 /* main.m */,
				7E9EAA8F25D269E0008308FF /* Images.xcassets */,
				7EDC0CB325E49E2B00691BED /* test.html */,
			);
			path = "Supporting Files";
			sourceTree = "<group>";
		};
		7E9EAAC825D390A4008308FF /* WMYLINK */ = {
			isa = PBXGroup;
			children = (
				7E9EAAA525D27C51008308FF /* CustomCollectionViewCell.h */,
				7E9EAAA625D27C51008308FF /* CustomCollectionViewCell.m */,
				7E9EAAAB25D285E5008308FF /* CustomCollectionReusableView.h */,
				7E9EAAAC25D285E5008308FF /* CustomCollectionReusableView.m */,
				7EDC0C3625DDFDB600691BED /* KeyboardAboveView.h */,
				7EDC0C3525DDFDB600691BED /* KeyboardAboveView.m */,
				7EDC0C2C25DDFC8400691BED /* LiveStreamViewController.h */,
				7EDC0C2D25DDFC8400691BED /* LiveStreamViewController.m */,
				7EDC0C7725DF5D9800691BED /* LivePlayerViewController.h */,
				7EDC0C7825DF5D9800691BED /* LivePlayerViewController.m */,
			);
			path = WMYLINK;
			sourceTree = "<group>";
		};
		7E9EAACE25D390FD008308FF /* LECAI */ = {
			isa = PBXGroup;
			children = (
			);
			path = LECAI;
			sourceTree = "<group>";
		};
		7E9EAACF25D39117008308FF /* BTCARD */ = {
			isa = PBXGroup;
			children = (
			);
			path = BTCARD;
			sourceTree = "<group>";
		};
		7E9EAAD025D3914F008308FF /* WMYCLOUD */ = {
			isa = PBXGroup;
			children = (
				7EDC0C9925E39C0900691BED /* AudioViewController.h */,
				7EDC0C9A25E39C0900691BED /* AudioViewController.m */,
				7EDC0C9F25E4900E00691BED /* WebViewController.h */,
				7EDC0CA025E4900E00691BED /* WebViewController.m */,
				D8E8275B27FC0CEB00851613 /* TextFieldViewController.h */,
				D8E8275C27FC0CEB00851613 /* TextFieldViewController.m */,
			);
			path = WMYCLOUD;
			sourceTree = "<group>";
		};
		7EDC0CC625E4A90300691BED /* guide */ = {
			isa = PBXGroup;
			children = (
				7EDC0CBC25E4A8F900691BED /* guide_01.jpg */,
				7EDC0CBE25E4A8FA00691BED /* guide_02.jpg */,
				7EDC0CBD25E4A8FA00691BED /* guide_03.jpg */,
				7EDC0CBB25E4A8F900691BED /* guide_04.jpg */,
			);
			path = guide;
			sourceTree = "<group>";
		};
		7EDC0CCA25E4AB5900691BED /* HYC */ = {
			isa = PBXGroup;
			children = (
			);
			path = HYC;
			sourceTree = "<group>";
		};
		82B60165061B325EB599EED2 /* Pods */ = {
			isa = PBXGroup;
			children = (
				F576CDFE2E7639C9D282EB84 /* Pods-CustomTools.debug.xcconfig */,
				B98FAE62A98C4A8B8C639147 /* Pods-CustomTools.release.xcconfig */,
				52284AE50B2FFA5FE8354FFE /* Pods-CustomTools-CustomToolsUITests.debug.xcconfig */,
				EBFD420297CF584E59658E2B /* Pods-CustomTools-CustomToolsUITests.release.xcconfig */,
				DE8C8321230F7BDF3B1C0692 /* Pods-CustomToolsTests.debug.xcconfig */,
				40C644F5FE39700A19D25988 /* Pods-CustomToolsTests.release.xcconfig */,
			);
			path = Pods;
			sourceTree = "<group>";
		};
/* End PBXGroup section */

/* Begin PBXNativeTarget section */
		7E92057225B9807F0074A056 /* CustomTools */ = {
			isa = PBXNativeTarget;
			buildConfigurationList = 7E9205A225B980840074A056 /* Build configuration list for PBXNativeTarget "CustomTools" */;
			buildPhases = (
				3B0C50544D445A8B2C1C09A0 /* [CP] Check Pods Manifest.lock */,
				7E92056F25B9807F0074A056 /* Sources */,
				7E92057025B9807F0074A056 /* Frameworks */,
				7E92057125B9807F0074A056 /* Resources */,
				54390CDE549C8ED004817980 /* [CP] Embed Pods Frameworks */,
				D823C18C27FBE1140087140E /* Embed Frameworks */,
			);
			buildRules = (
			);
			dependencies = (
			);
			name = CustomTools;
			productName = CustomTools;
			productReference = 7E92057325B9807F0074A056 /* CustomTools.app */;
			productType = "com.apple.product-type.application";
		};
		7E92058D25B980830074A056 /* CustomToolsTests */ = {
			isa = PBXNativeTarget;
			buildConfigurationList = 7E9205A525B980840074A056 /* Build configuration list for PBXNativeTarget "CustomToolsTests" */;
			buildPhases = (
				57B5F9E5313F44B2BA3179D0 /* [CP] Check Pods Manifest.lock */,
				7E92058A25B980830074A056 /* Sources */,
				7E92058B25B980830074A056 /* Frameworks */,
				7E92058C25B980830074A056 /* Resources */,
			);
			buildRules = (
			);
			dependencies = (
				7E92059025B980830074A056 /* PBXTargetDependency */,
			);
			name = CustomToolsTests;
			productName = CustomToolsTests;
			productReference = 7E92058E25B980830074A056 /* CustomToolsTests.xctest */;
			productType = "com.apple.product-type.bundle.unit-test";
		};
		7E92059825B980840074A056 /* CustomToolsUITests */ = {
			isa = PBXNativeTarget;
			buildConfigurationList = 7E9205A825B980840074A056 /* Build configuration list for PBXNativeTarget "CustomToolsUITests" */;
			buildPhases = (
				5861C7BEF27A0DD1D49E3061 /* [CP] Check Pods Manifest.lock */,
				7E92059525B980840074A056 /* Sources */,
				7E92059625B980840074A056 /* Frameworks */,
				7E92059725B980840074A056 /* Resources */,
				6DBF9C3E563BBEBCDBB4AD89 /* [CP] Embed Pods Frameworks */,
			);
			buildRules = (
			);
			dependencies = (
				7E92059B25B980840074A056 /* PBXTargetDependency */,
			);
			name = CustomToolsUITests;
			productName = CustomToolsUITests;
			productReference = 7E92059925B980840074A056 /* CustomToolsUITests.xctest */;
			productType = "com.apple.product-type.bundle.ui-testing";
		};
/* End PBXNativeTarget section */

/* Begin PBXProject section */
		7E92056B25B9807E0074A056 /* Project object */ = {
			isa = PBXProject;
			attributes = {
				LastUpgradeCheck = 1200;
				ORGANIZATIONNAME = yuyuyu;
				TargetAttributes = {
					7E92057225B9807F0074A056 = {
						CreatedOnToolsVersion = 12.0.1;
					};
					7E92058D25B980830074A056 = {
						CreatedOnToolsVersion = 12.0.1;
						TestTargetID = 7E92057225B9807F0074A056;
					};
					7E92059825B980840074A056 = {
						CreatedOnToolsVersion = 12.0.1;
						TestTargetID = 7E92057225B9807F0074A056;
					};
				};
			};
			buildConfigurationList = 7E92056E25B9807E0074A056 /* Build configuration list for PBXProject "CustomTools" */;
			compatibilityVersion = "Xcode 9.3";
			developmentRegion = en;
			hasScannedForEncodings = 0;
			knownRegions = (
				en,
				Base,
			);
			mainGroup = 7E92056A25B9807E0074A056;
			productRefGroup = 7E92057425B9807F0074A056 /* Products */;
			projectDirPath = "";
			projectRoot = "";
			targets = (
				7E92057225B9807F0074A056 /* CustomTools */,
				7E92058D25B980830074A056 /* CustomToolsTests */,
				7E92059825B980840074A056 /* CustomToolsUITests */,
			);
		};
/* End PBXProject section */

/* Begin PBXResourcesBuildPhase section */
		7E92057125B9807F0074A056 /* Resources */ = {
			isa = PBXResourcesBuildPhase;
			buildActionMask = 2147483647;
			files = (
				7EDC0CC025E4A8FA00691BED /* guide_01.jpg in Resources */,
				7E92058625B980830074A056 /* LaunchScreen.storyboard in Resources */,
				7E9EAA9025D269E0008308FF /* Images.xcassets in Resources */,
				7EDC0CB425E49E2B00691BED /* test.html in Resources */,
				7E92058325B980830074A056 /* Assets.xcassets in Resources */,
				7EDC0CC125E4A8FA00691BED /* guide_03.jpg in Resources */,
				7EDC0CBF25E4A8FA00691BED /* guide_04.jpg in Resources */,
				7EDC0CC225E4A8FA00691BED /* guide_02.jpg in Resources */,
				7E9EAA9525D26A46008308FF /* iconfont.ttf in Resources */,
				7E92058125B9807F0074A056 /* Main.storyboard in Resources */,
			);
			runOnlyForDeploymentPostprocessing = 0;
		};
		7E92058C25B980830074A056 /* Resources */ = {
			isa = PBXResourcesBuildPhase;
			buildActionMask = 2147483647;
			files = (
			);
			runOnlyForDeploymentPostprocessing = 0;
		};
		7E92059725B980840074A056 /* Resources */ = {
			isa = PBXResourcesBuildPhase;
			buildActionMask = 2147483647;
			files = (
			);
			runOnlyForDeploymentPostprocessing = 0;
		};
/* End PBXResourcesBuildPhase section */

/* Begin PBXShellScriptBuildPhase section */
		3B0C50544D445A8B2C1C09A0 /* [CP] Check Pods Manifest.lock */ = {
			isa = PBXShellScriptBuildPhase;
			buildActionMask = 2147483647;
			files = (
			);
			inputFileListPaths = (
			);
			inputPaths = (
				"${PODS_PODFILE_DIR_PATH}/Podfile.lock",
				"${PODS_ROOT}/Manifest.lock",
			);
			name = "[CP] Check Pods Manifest.lock";
			outputFileListPaths = (
			);
			outputPaths = (
				"$(DERIVED_FILE_DIR)/Pods-CustomTools-checkManifestLockResult.txt",
			);
			runOnlyForDeploymentPostprocessing = 0;
			shellPath = /bin/sh;
			shellScript = "diff \"${PODS_PODFILE_DIR_PATH}/Podfile.lock\" \"${PODS_ROOT}/Manifest.lock\" > /dev/null\nif [ $? != 0 ] ; then\n    # print error to STDERR\n    echo \"error: The sandbox is not in sync with the Podfile.lock. Run 'pod install' or update your CocoaPods installation.\" >&2\n    exit 1\nfi\n# This output is used by Xcode 'outputs' to avoid re-running this script phase.\necho \"SUCCESS\" > \"${SCRIPT_OUTPUT_FILE_0}\"\n";
			showEnvVarsInLog = 0;
		};
		54390CDE549C8ED004817980 /* [CP] Embed Pods Frameworks */ = {
			isa = PBXShellScriptBuildPhase;
			buildActionMask = 2147483647;
			files = (
			);
			inputFileListPaths = (
				"${PODS_ROOT}/Target Support Files/Pods-CustomTools/Pods-CustomTools-frameworks-${CONFIGURATION}-input-files.xcfilelist",
			);
			name = "[CP] Embed Pods Frameworks";
			outputFileListPaths = (
				"${PODS_ROOT}/Target Support Files/Pods-CustomTools/Pods-CustomTools-frameworks-${CONFIGURATION}-output-files.xcfilelist",
			);
			runOnlyForDeploymentPostprocessing = 0;
			shellPath = /bin/sh;
			shellScript = "\"${PODS_ROOT}/Target Support Files/Pods-CustomTools/Pods-CustomTools-frameworks.sh\"\n";
			showEnvVarsInLog = 0;
		};
		57B5F9E5313F44B2BA3179D0 /* [CP] Check Pods Manifest.lock */ = {
			isa = PBXShellScriptBuildPhase;
			buildActionMask = 2147483647;
			files = (
			);
			inputFileListPaths = (
			);
			inputPaths = (
				"${PODS_PODFILE_DIR_PATH}/Podfile.lock",
				"${PODS_ROOT}/Manifest.lock",
			);
			name = "[CP] Check Pods Manifest.lock";
			outputFileListPaths = (
			);
			outputPaths = (
				"$(DERIVED_FILE_DIR)/Pods-CustomToolsTests-checkManifestLockResult.txt",
			);
			runOnlyForDeploymentPostprocessing = 0;
			shellPath = /bin/sh;
			shellScript = "diff \"${PODS_PODFILE_DIR_PATH}/Podfile.lock\" \"${PODS_ROOT}/Manifest.lock\" > /dev/null\nif [ $? != 0 ] ; then\n    # print error to STDERR\n    echo \"error: The sandbox is not in sync with the Podfile.lock. Run 'pod install' or update your CocoaPods installation.\" >&2\n    exit 1\nfi\n# This output is used by Xcode 'outputs' to avoid re-running this script phase.\necho \"SUCCESS\" > \"${SCRIPT_OUTPUT_FILE_0}\"\n";
			showEnvVarsInLog = 0;
		};
		5861C7BEF27A0DD1D49E3061 /* [CP] Check Pods Manifest.lock */ = {
			isa = PBXShellScriptBuildPhase;
			buildActionMask = 2147483647;
			files = (
			);
			inputFileListPaths = (
			);
			inputPaths = (
				"${PODS_PODFILE_DIR_PATH}/Podfile.lock",
				"${PODS_ROOT}/Manifest.lock",
			);
			name = "[CP] Check Pods Manifest.lock";
			outputFileListPaths = (
			);
			outputPaths = (
				"$(DERIVED_FILE_DIR)/Pods-CustomTools-CustomToolsUITests-checkManifestLockResult.txt",
			);
			runOnlyForDeploymentPostprocessing = 0;
			shellPath = /bin/sh;
			shellScript = "diff \"${PODS_PODFILE_DIR_PATH}/Podfile.lock\" \"${PODS_ROOT}/Manifest.lock\" > /dev/null\nif [ $? != 0 ] ; then\n    # print error to STDERR\n    echo \"error: The sandbox is not in sync with the Podfile.lock. Run 'pod install' or update your CocoaPods installation.\" >&2\n    exit 1\nfi\n# This output is used by Xcode 'outputs' to avoid re-running this script phase.\necho \"SUCCESS\" > \"${SCRIPT_OUTPUT_FILE_0}\"\n";
			showEnvVarsInLog = 0;
		};
		6DBF9C3E563BBEBCDBB4AD89 /* [CP] Embed Pods Frameworks */ = {
			isa = PBXShellScriptBuildPhase;
			buildActionMask = 2147483647;
			files = (
			);
			inputFileListPaths = (
				"${PODS_ROOT}/Target Support Files/Pods-CustomTools-CustomToolsUITests/Pods-CustomTools-CustomToolsUITests-frameworks-${CONFIGURATION}-input-files.xcfilelist",
			);
			name = "[CP] Embed Pods Frameworks";
			outputFileListPaths = (
				"${PODS_ROOT}/Target Support Files/Pods-CustomTools-CustomToolsUITests/Pods-CustomTools-CustomToolsUITests-frameworks-${CONFIGURATION}-output-files.xcfilelist",
			);
			runOnlyForDeploymentPostprocessing = 0;
			shellPath = /bin/sh;
			shellScript = "\"${PODS_ROOT}/Target Support Files/Pods-CustomTools-CustomToolsUITests/Pods-CustomTools-CustomToolsUITests-frameworks.sh\"\n";
			showEnvVarsInLog = 0;
		};
/* End PBXShellScriptBuildPhase section */

/* Begin PBXSourcesBuildPhase section */
		7E92056F25B9807F0074A056 /* Sources */ = {
			isa = PBXSourcesBuildPhase;
			buildActionMask = 2147483647;
			files = (
				7E0F828625D11FE70002F83E /* CustomActionSheet.m in Sources */,
				7EDC0C3725DDFDB600691BED /* KeyboardAboveView.m in Sources */,
				7E0F82D025D1297A0002F83E /* ChannelInfo.m in Sources */,
				7E0F828F25D11FE70002F83E /* WeChatManager.m in Sources */,
				7E9EAAA725D27C51008308FF /* CustomCollectionViewCell.m in Sources */,
				7EDC0C2E25DDFC8500691BED /* LiveStreamViewController.m in Sources */,
				7E0F827C25D11FE70002F83E /* CustomCameraViewController.m in Sources */,
				D8E8275D27FC0CEB00851613 /* TextFieldViewController.m in Sources */,
				7E0F828E25D11FE70002F83E /* LiveManager.m in Sources */,
				7E0F828825D11FE70002F83E /* CustomSTOMPClient.m in Sources */,
				7E0F829725D11FE70002F83E /* UIFont+Custom.m in Sources */,
				7E0F828D25D11FE70002F83E /* StorageTool.m in Sources */,
				7E9EAAA125D272D2008308FF /* ViewController.m in Sources */,
				7E0F828325D11FE70002F83E /* CustomSheetContentView.m in Sources */,
				7E0F828B25D11FE70002F83E /* NetWorkTool.m in Sources */,
				7E0F827D25D11FE70002F83E /* BaseViewController.m in Sources */,
				D891C2E22691D81B0081602D /* CustomScanViewController.m in Sources */,
				7E0F828125D11FE70002F83E /* CustomGuideView.m in Sources */,
				7E9EAAAD25D285E5008308FF /* CustomCollectionReusableView.m in Sources */,
				7E0F828C25D11FE70002F83E /* OpenInstallManager.m in Sources */,
				7EDC0C8925E394B000691BED /* AudioRecordManager.m in Sources */,
				7EDC0CA125E4900F00691BED /* WebViewController.m in Sources */,
				7E0F827E25D11FE70002F83E /* CustomVideoPlayerViewController.m in Sources */,
				7EDC0C9B25E39C0900691BED /* AudioViewController.m in Sources */,
				7E0F827F25D11FE70002F83E /* CustomImagePreviewViewController.m in Sources */,
				7E0F829325D11FE70002F83E /* UISearchBar+Custom.m in Sources */,
				7E92057825B9807F0074A056 /* AppDelegate.m in Sources */,
				7E92058925B980830074A056 /* main.m in Sources */,
				7E0F82D825D1299C0002F83E /* LiveModel.m in Sources */,
				7E0F828225D11FE70002F83E /* CustomResultContentView.m in Sources */,
				7EDC0C7925DF5D9800691BED /* LivePlayerViewController.m in Sources */,
				7E0F828925D11FE70002F83E /* CustomImagePickerController.m in Sources */,
				7E0F829925D11FE70002F83E /* NSObject+Custom.m in Sources */,
				7E0F82D925D1299C0002F83E /* LiveInfo.m in Sources */,
				7E0F829225D11FE70002F83E /* UITextField+Custom.m in Sources */,
				7E0F829125D11FE70002F83E /* NSString+Custom.m in Sources */,
				7E0F829025D11FE70002F83E /* UploadManager.m in Sources */,
				7E0F829625D11FE70002F83E /* UIView+Custom.m in Sources */,
				7E0F828025D11FE70002F83E /* CustomNavigationViewController.m in Sources */,
				7E0F82CF25D1297A0002F83E /* VideoInfo.m in Sources */,
				7E0F828425D11FE70002F83E /* CustomTextView.m in Sources */,
				7E0F828525D11FE70002F83E /* CustomAlertView.m in Sources */,
				7E0F829525D11FE70002F83E /* UILabel+Custom.m in Sources */,
				7E92057B25B9807F0074A056 /* SceneDelegate.m in Sources */,
				7E0F829825D11FE70002F83E /* UIButton+Custom.m in Sources */,
				D861117F27F72B4400CA19F4 /* SecureTextField.m in Sources */,
				7E0F828A25D11FE70002F83E /* WebSocketManager.m in Sources */,
				7E0F828725D11FE70002F83E /* CustomProgressHUD.m in Sources */,
				7E0F829425D11FE70002F83E /* UIImage+Custom.m in Sources */,
			);
			runOnlyForDeploymentPostprocessing = 0;
		};
		7E92058A25B980830074A056 /* Sources */ = {
			isa = PBXSourcesBuildPhase;
			buildActionMask = 2147483647;
			files = (
				7E92059325B980830074A056 /* CustomToolsTests.m in Sources */,
			);
			runOnlyForDeploymentPostprocessing = 0;
		};
		7E92059525B980840074A056 /* Sources */ = {
			isa = PBXSourcesBuildPhase;
			buildActionMask = 2147483647;
			files = (
				7E92059E25B980840074A056 /* CustomToolsUITests.m in Sources */,
			);
			runOnlyForDeploymentPostprocessing = 0;
		};
/* End PBXSourcesBuildPhase section */

/* Begin PBXTargetDependency section */
		7E92059025B980830074A056 /* PBXTargetDependency */ = {
			isa = PBXTargetDependency;
			target = 7E92057225B9807F0074A056 /* CustomTools */;
			targetProxy = 7E92058F25B980830074A056 /* PBXContainerItemProxy */;
		};
		7E92059B25B980840074A056 /* PBXTargetDependency */ = {
			isa = PBXTargetDependency;
			target = 7E92057225B9807F0074A056 /* CustomTools */;
			targetProxy = 7E92059A25B980840074A056 /* PBXContainerItemProxy */;
		};
/* End PBXTargetDependency section */

/* Begin PBXVariantGroup section */
		7E92057F25B9807F0074A056 /* Main.storyboard */ = {
			isa = PBXVariantGroup;
			children = (
				7E92058025B9807F0074A056 /* Base */,
			);
			name = Main.storyboard;
			sourceTree = "<group>";
		};
		7E92058425B980830074A056 /* LaunchScreen.storyboard */ = {
			isa = PBXVariantGroup;
			children = (
				7E92058525B980830074A056 /* Base */,
			);
			name = LaunchScreen.storyboard;
			sourceTree = "<group>";
		};
/* End PBXVariantGroup section */

/* Begin XCBuildConfiguration section */
		7E9205A025B980840074A056 /* Debug */ = {
			isa = XCBuildConfiguration;
			buildSettings = {
				ALWAYS_SEARCH_USER_PATHS = NO;
				CLANG_ANALYZER_NONNULL = YES;
				CLANG_ANALYZER_NUMBER_OBJECT_CONVERSION = YES_AGGRESSIVE;
				CLANG_CXX_LANGUAGE_STANDARD = "gnu++14";
				CLANG_CXX_LIBRARY = "libc++";
				CLANG_ENABLE_MODULES = YES;
				CLANG_ENABLE_OBJC_ARC = YES;
				CLANG_ENABLE_OBJC_WEAK = YES;
				CLANG_WARN_BLOCK_CAPTURE_AUTORELEASING = YES;
				CLANG_WARN_BOOL_CONVERSION = YES;
				CLANG_WARN_COMMA = YES;
				CLANG_WARN_CONSTANT_CONVERSION = YES;
				CLANG_WARN_DEPRECATED_OBJC_IMPLEMENTATIONS = YES;
				CLANG_WARN_DIRECT_OBJC_ISA_USAGE = YES_ERROR;
				CLANG_WARN_DOCUMENTATION_COMMENTS = YES;
				CLANG_WARN_EMPTY_BODY = YES;
				CLANG_WARN_ENUM_CONVERSION = YES;
				CLANG_WARN_INFINITE_RECURSION = YES;
				CLANG_WARN_INT_CONVERSION = YES;
				CLANG_WARN_NON_LITERAL_NULL_CONVERSION = YES;
				CLANG_WARN_OBJC_IMPLICIT_RETAIN_SELF = YES;
				CLANG_WARN_OBJC_LITERAL_CONVERSION = YES;
				CLANG_WARN_OBJC_ROOT_CLASS = YES_ERROR;
				CLANG_WARN_QUOTED_INCLUDE_IN_FRAMEWORK_HEADER = YES;
				CLANG_WARN_RANGE_LOOP_ANALYSIS = YES;
				CLANG_WARN_STRICT_PROTOTYPES = YES;
				CLANG_WARN_SUSPICIOUS_MOVE = YES;
				CLANG_WARN_UNGUARDED_AVAILABILITY = YES_AGGRESSIVE;
				CLANG_WARN_UNREACHABLE_CODE = YES;
				CLANG_WARN__DUPLICATE_METHOD_MATCH = YES;
				COPY_PHASE_STRIP = NO;
				DEBUG_INFORMATION_FORMAT = dwarf;
				ENABLE_STRICT_OBJC_MSGSEND = YES;
				ENABLE_TESTABILITY = YES;
				GCC_C_LANGUAGE_STANDARD = gnu11;
				GCC_DYNAMIC_NO_PIC = NO;
				GCC_NO_COMMON_BLOCKS = YES;
				GCC_OPTIMIZATION_LEVEL = 0;
				GCC_PREPROCESSOR_DEFINITIONS = (
					"DEBUG=1",
					"$(inherited)",
				);
				GCC_WARN_64_TO_32_BIT_CONVERSION = YES;
				GCC_WARN_ABOUT_RETURN_TYPE = YES_ERROR;
				GCC_WARN_UNDECLARED_SELECTOR = YES;
				GCC_WARN_UNINITIALIZED_AUTOS = YES_AGGRESSIVE;
				GCC_WARN_UNUSED_FUNCTION = YES;
				GCC_WARN_UNUSED_VARIABLE = YES;
				IPHONEOS_DEPLOYMENT_TARGET = 10.0;
				MTL_ENABLE_DEBUG_INFO = INCLUDE_SOURCE;
				MTL_FAST_MATH = YES;
				ONLY_ACTIVE_ARCH = YES;
				SDKROOT = iphoneos;
			};
			name = Debug;
		};
		7E9205A125B980840074A056 /* Release */ = {
			isa = XCBuildConfiguration;
			buildSettings = {
				ALWAYS_SEARCH_USER_PATHS = NO;
				CLANG_ANALYZER_NONNULL = YES;
				CLANG_ANALYZER_NUMBER_OBJECT_CONVERSION = YES_AGGRESSIVE;
				CLANG_CXX_LANGUAGE_STANDARD = "gnu++14";
				CLANG_CXX_LIBRARY = "libc++";
				CLANG_ENABLE_MODULES = YES;
				CLANG_ENABLE_OBJC_ARC = YES;
				CLANG_ENABLE_OBJC_WEAK = YES;
				CLANG_WARN_BLOCK_CAPTURE_AUTORELEASING = YES;
				CLANG_WARN_BOOL_CONVERSION = YES;
				CLANG_WARN_COMMA = YES;
				CLANG_WARN_CONSTANT_CONVERSION = YES;
				CLANG_WARN_DEPRECATED_OBJC_IMPLEMENTATIONS = YES;
				CLANG_WARN_DIRECT_OBJC_ISA_USAGE = YES_ERROR;
				CLANG_WARN_DOCUMENTATION_COMMENTS = YES;
				CLANG_WARN_EMPTY_BODY = YES;
				CLANG_WARN_ENUM_CONVERSION = YES;
				CLANG_WARN_INFINITE_RECURSION = YES;
				CLANG_WARN_INT_CONVERSION = YES;
				CLANG_WARN_NON_LITERAL_NULL_CONVERSION = YES;
				CLANG_WARN_OBJC_IMPLICIT_RETAIN_SELF = YES;
				CLANG_WARN_OBJC_LITERAL_CONVERSION = YES;
				CLANG_WARN_OBJC_ROOT_CLASS = YES_ERROR;
				CLANG_WARN_QUOTED_INCLUDE_IN_FRAMEWORK_HEADER = YES;
				CLANG_WARN_RANGE_LOOP_ANALYSIS = YES;
				CLANG_WARN_STRICT_PROTOTYPES = YES;
				CLANG_WARN_SUSPICIOUS_MOVE = YES;
				CLANG_WARN_UNGUARDED_AVAILABILITY = YES_AGGRESSIVE;
				CLANG_WARN_UNREACHABLE_CODE = YES;
				CLANG_WARN__DUPLICATE_METHOD_MATCH = YES;
				COPY_PHASE_STRIP = NO;
				DEBUG_INFORMATION_FORMAT = "dwarf-with-dsym";
				ENABLE_NS_ASSERTIONS = NO;
				ENABLE_STRICT_OBJC_MSGSEND = YES;
				GCC_C_LANGUAGE_STANDARD = gnu11;
				GCC_NO_COMMON_BLOCKS = YES;
				GCC_WARN_64_TO_32_BIT_CONVERSION = YES;
				GCC_WARN_ABOUT_RETURN_TYPE = YES_ERROR;
				GCC_WARN_UNDECLARED_SELECTOR = YES;
				GCC_WARN_UNINITIALIZED_AUTOS = YES_AGGRESSIVE;
				GCC_WARN_UNUSED_FUNCTION = YES;
				GCC_WARN_UNUSED_VARIABLE = YES;
				IPHONEOS_DEPLOYMENT_TARGET = 10.0;
				MTL_ENABLE_DEBUG_INFO = NO;
				MTL_FAST_MATH = YES;
				SDKROOT = iphoneos;
				VALIDATE_PRODUCT = YES;
			};
			name = Release;
		};
		7E9205A325B980840074A056 /* Debug */ = {
			isa = XCBuildConfiguration;
			baseConfigurationReference = F576CDFE2E7639C9D282EB84 /* Pods-CustomTools.debug.xcconfig */;
			buildSettings = {
				ARCHS = "$(ARCHS_STANDARD)";
				ASSETCATALOG_COMPILER_APPICON_NAME = AppIcon;
				ASSETCATALOG_COMPILER_GLOBAL_ACCENT_COLOR_NAME = AccentColor;
				CODE_SIGN_STYLE = Automatic;
				DEVELOPMENT_TEAM = APPNUV3GRD;
				ENABLE_BITCODE = NO;
				GCC_PRECOMPILE_PREFIX_HEADER = NO;
				GCC_PREFIX_HEADER = $SRCROOT/CustomTools/Macro/PrefixHeader.pch;
				INFOPLIST_FILE = "CustomTools/Supporting Files/Info.plist";
				LD_RUNPATH_SEARCH_PATHS = (
					"$(inherited)",
					"@executable_path/Frameworks",
				);
				LIBRARY_SEARCH_PATHS = (
					"$(inherited)",
					"$(PROJECT_DIR)/CustomTools/Common/Third\\ Party",
				);
				ONLY_ACTIVE_ARCH = YES;
				PRODUCT_BUNDLE_IDENTIFIER = com.yizhi.CustomTools;
				PRODUCT_NAME = "$(TARGET_NAME)";
				TARGETED_DEVICE_FAMILY = "1,2";
			};
			name = Debug;
		};
		7E9205A425B980840074A056 /* Release */ = {
			isa = XCBuildConfiguration;
			baseConfigurationReference = B98FAE62A98C4A8B8C639147 /* Pods-CustomTools.release.xcconfig */;
			buildSettings = {
				ASSETCATALOG_COMPILER_APPICON_NAME = AppIcon;
				ASSETCATALOG_COMPILER_GLOBAL_ACCENT_COLOR_NAME = AccentColor;
				CODE_SIGN_STYLE = Automatic;
				DEVELOPMENT_TEAM = APPNUV3GRD;
				ENABLE_BITCODE = NO;
				GCC_PRECOMPILE_PREFIX_HEADER = NO;
				GCC_PREFIX_HEADER = $SRCROOT/CustomTools/Macro/PrefixHeader.pch;
				INFOPLIST_FILE = "CustomTools/Supporting Files/Info.plist";
				LD_RUNPATH_SEARCH_PATHS = (
					"$(inherited)",
					"@executable_path/Frameworks",
				);
				LIBRARY_SEARCH_PATHS = (
					"$(inherited)",
					"$(PROJECT_DIR)/CustomTools/Common/Third\\ Party",
				);
				ONLY_ACTIVE_ARCH = NO;
				PRODUCT_BUNDLE_IDENTIFIER = com.yizhi.CustomTools;
				PRODUCT_NAME = "$(TARGET_NAME)";
				TARGETED_DEVICE_FAMILY = "1,2";
			};
			name = Release;
		};
		7E9205A625B980840074A056 /* Debug */ = {
			isa = XCBuildConfiguration;
			baseConfigurationReference = DE8C8321230F7BDF3B1C0692 /* Pods-CustomToolsTests.debug.xcconfig */;
			buildSettings = {
				BUNDLE_LOADER = "$(TEST_HOST)";
				CODE_SIGN_STYLE = Automatic;
				DEVELOPMENT_TEAM = PH3KSJ6RHD;
				INFOPLIST_FILE = CustomToolsTests/Info.plist;
				IPHONEOS_DEPLOYMENT_TARGET = 14.0;
				LD_RUNPATH_SEARCH_PATHS = (
					"$(inherited)",
					"@executable_path/Frameworks",
					"@loader_path/Frameworks",
				);
				PRODUCT_BUNDLE_IDENTIFIER = com.yizhi.CustomToolsTests;
				PRODUCT_NAME = "$(TARGET_NAME)";
				TARGETED_DEVICE_FAMILY = "1,2";
				TEST_HOST = "$(BUILT_PRODUCTS_DIR)/CustomTools.app/CustomTools";
			};
			name = Debug;
		};
		7E9205A725B980840074A056 /* Release */ = {
			isa = XCBuildConfiguration;
			baseConfigurationReference = 40C644F5FE39700A19D25988 /* Pods-CustomToolsTests.release.xcconfig */;
			buildSettings = {
				BUNDLE_LOADER = "$(TEST_HOST)";
				CODE_SIGN_STYLE = Automatic;
				DEVELOPMENT_TEAM = PH3KSJ6RHD;
				INFOPLIST_FILE = CustomToolsTests/Info.plist;
				IPHONEOS_DEPLOYMENT_TARGET = 14.0;
				LD_RUNPATH_SEARCH_PATHS = (
					"$(inherited)",
					"@executable_path/Frameworks",
					"@loader_path/Frameworks",
				);
				PRODUCT_BUNDLE_IDENTIFIER = com.yizhi.CustomToolsTests;
				PRODUCT_NAME = "$(TARGET_NAME)";
				TARGETED_DEVICE_FAMILY = "1,2";
				TEST_HOST = "$(BUILT_PRODUCTS_DIR)/CustomTools.app/CustomTools";
			};
			name = Release;
		};
		7E9205A925B980840074A056 /* Debug */ = {
			isa = XCBuildConfiguration;
			baseConfigurationReference = 52284AE50B2FFA5FE8354FFE /* Pods-CustomTools-CustomToolsUITests.debug.xcconfig */;
			buildSettings = {
				CODE_SIGN_STYLE = Automatic;
				DEVELOPMENT_TEAM = PH3KSJ6RHD;
				INFOPLIST_FILE = CustomToolsUITests/Info.plist;
				LD_RUNPATH_SEARCH_PATHS = (
					"$(inherited)",
					"@executable_path/Frameworks",
					"@loader_path/Frameworks",
				);
				PRODUCT_BUNDLE_IDENTIFIER = com.yizhi.CustomToolsUITests;
				PRODUCT_NAME = "$(TARGET_NAME)";
				TARGETED_DEVICE_FAMILY = "1,2";
				TEST_TARGET_NAME = CustomTools;
			};
			name = Debug;
		};
		7E9205AA25B980840074A056 /* Release */ = {
			isa = XCBuildConfiguration;
			baseConfigurationReference = EBFD420297CF584E59658E2B /* Pods-CustomTools-CustomToolsUITests.release.xcconfig */;
			buildSettings = {
				CODE_SIGN_STYLE = Automatic;
				DEVELOPMENT_TEAM = PH3KSJ6RHD;
				INFOPLIST_FILE = CustomToolsUITests/Info.plist;
				LD_RUNPATH_SEARCH_PATHS = (
					"$(inherited)",
					"@executable_path/Frameworks",
					"@loader_path/Frameworks",
				);
				PRODUCT_BUNDLE_IDENTIFIER = com.yizhi.CustomToolsUITests;
				PRODUCT_NAME = "$(TARGET_NAME)";
				TARGETED_DEVICE_FAMILY = "1,2";
				TEST_TARGET_NAME = CustomTools;
			};
			name = Release;
		};
/* End XCBuildConfiguration section */

/* Begin XCConfigurationList section */
		7E92056E25B9807E0074A056 /* Build configuration list for PBXProject "CustomTools" */ = {
			isa = XCConfigurationList;
			buildConfigurations = (
				7E9205A025B980840074A056 /* Debug */,
				7E9205A125B980840074A056 /* Release */,
			);
			defaultConfigurationIsVisible = 0;
			defaultConfigurationName = Release;
		};
		7E9205A225B980840074A056 /* Build configuration list for PBXNativeTarget "CustomTools" */ = {
			isa = XCConfigurationList;
			buildConfigurations = (
				7E9205A325B980840074A056 /* Debug */,
				7E9205A425B980840074A056 /* Release */,
			);
			defaultConfigurationIsVisible = 0;
			defaultConfigurationName = Release;
		};
		7E9205A525B980840074A056 /* Build configuration list for PBXNativeTarget "CustomToolsTests" */ = {
			isa = XCConfigurationList;
			buildConfigurations = (
				7E9205A625B980840074A056 /* Debug */,
				7E9205A725B980840074A056 /* Release */,
			);
			defaultConfigurationIsVisible = 0;
			defaultConfigurationName = Release;
		};
		7E9205A825B980840074A056 /* Build configuration list for PBXNativeTarget "CustomToolsUITests" */ = {
			isa = XCConfigurationList;
			buildConfigurations = (
				7E9205A925B980840074A056 /* Debug */,
				7E9205AA25B980840074A056 /* Release */,
			);
			defaultConfigurationIsVisible = 0;
			defaultConfigurationName = Release;
		};
/* End XCConfigurationList section */
	};
	rootObject = 7E92056B25B9807E0074A056 /* Project object */;
}
